<?xml version="1.0" encoding="utf-8"?>
<Project ToolsVersion="4.0" xmlns="http://schemas.microsoft.com/developer/msbuild/2003">
  <ItemGroup>
    <Filter Include="Source Files">
      <UniqueIdentifier>{4FC737F1-C7A5-4376-A066-2A32D752A2FF}</UniqueIdentifier>
      <Extensions>cpp;c;cc;cxx;def;odl;idl;hpj;bat;asm;asmx</Extensions>
    </Filter>
    <Filter Include="Header Files">
      <UniqueIdentifier>{93995380-89BD-4b04-88EB-625FBE52EBFB}</UniqueIdentifier>
      <Extensions>h;hh;hpp;hxx;hm;inl;inc;xsd</Extensions>
    </Filter>
    <Filter Include="Resource Files">
      <UniqueIdentifier>{67DA6AB6-F800-4c08-8B7A-83BB121AAD01}</UniqueIdentifier>
      <Extensions>rc;ico;cur;bmp;dlg;rc2;rct;bin;rgs;gif;jpg;jpeg;jpe;resx;tiff;tif;png;wav;mfcribbon-ms</Extensions>
    </Filter>
    <Filter Include="glad">
      <UniqueIdentifier>{d33d62a4-7359-403d-a66b-6662ebbb8410}</UniqueIdentifier>
    </Filter>
    <Filter Include="shader">
      <UniqueIdentifier>{86554c32-e591-4395-8792-7f4e665d3eb6}</UniqueIdentifier>
    </Filter>
    <Filter Include="imgui">
      <UniqueIdentifier>{d6656559-bdc1-4a66-b24b-d389f0d0aace}</UniqueIdentifier>
    </Filter>
  </ItemGroup>
  <ItemGroup>
    <ClInclude Include="..\..\3rd\imgui\glfw_impl\imgui_impl_glfw.h">
      <Filter>imgui</Filter>
    </ClInclude>
    <ClInclude Include="..\..\3rd\imgui\glfw_impl\imgui_impl_opengl3.h">
      <Filter>imgui</Filter>
    </ClInclude>
    <ClInclude Include="..\..\3rd\imgui\source\imgui_internal.h">
      <Filter>imgui</Filter>
    </ClInclude>
    <ClInclude Include="..\..\3rd\imgui\source\imstb_rectpack.h">
      <Filter>imgui</Filter>
    </ClInclude>
    <ClInclude Include="..\..\3rd\imgui\source\imstb_textedit.h">
      <Filter>imgui</Filter>
    </ClInclude>
    <ClInclude Include="..\..\3rd\imgui\source\imstb_truetype.h">
      <Filter>imgui</Filter>
    </ClInclude>
    <ClInclude Include="..\..\3rd\imgui\source\imconfig.h">
      <Filter>imgui</Filter>
    </ClInclude>
    <ClInclude Include="..\..\3rd\imgui\source\imgui.h">
      <Filter>imgui</Filter>
    </ClInclude>
    <ClInclude Include="Model.h">
      <Filter>Header Files</Filter>
    </ClInclude>
    <ClInclude Include="Shader.h">
      <Filter>Header Files</Filter>
    </ClInclude>
    <ClInclude Include="Camera.h">
      <Filter>Header Files</Filter>
    </ClInclude>
    <ClInclude Include="Mesh.h">
      <Filter>Header Files</Filter>
    </ClInclude>
    <ClInclude Include="PBRMaterial.h">
      <Filter>Header Files</Filter>
    </ClInclude>
    <ClInclude Include="Environment.h">
      <Filter>Header Files</Filter>
    </ClInclude>
    <ClInclude Include="Utils.h">
      <Filter>Header Files</Filter>
    </ClInclude>
  </ItemGroup>
  <ItemGroup>
    <ClCompile Include="..\..\3rd\imgui\glfw_impl\imgui_impl_opengl3.cpp">
      <Filter>imgui</Filter>
    </ClCompile>
    <ClCompile Include="..\..\3rd\imgui\glfw_impl\imgui_impl_glfw.cpp">
      <Filter>imgui</Filter>
    </ClCompile>
    <ClCompile Include="..\..\3rd\imgui\source\imgui_demo.cpp">
      <Filter>imgui</Filter>
    </ClCompile>
    <ClCompile Include="..\..\3rd\imgui\source\imgui_draw.cpp">
      <Filter>imgui</Filter>
    </ClCompile>
    <ClCompile Include="..\..\3rd\imgui\source\imgui_widgets.cpp">
      <Filter>imgui</Filter>
    </ClCompile>
    <ClCompile Include="..\..\3rd\imgui\source\imgui.cpp">
      <Filter>imgui</Filter>
    </ClCompile>
    <ClCompile Include="glad.c">
      <Filter>glad</Filter>
    </ClCompile>
    <ClCompile Include="main.cpp">
      <Filter>Source Files</Filter>
    </ClCompile>
  </ItemGroup>
  <ItemGroup>
    <None Include="Quad.fs">
      <Filter>shader</Filter>
    </None>
    <None Include="Quad.vs">
      <Filter>shader</Filter>
    </None>
    <None Include="SkyBox.fs">
      <Filter>shader</Filter>
    </None>
    <None Include="SkyBox.vs">
      <Filter>shader</Filter>
    </None>
    <None Include="pbr.vs">
      <Filter>shader</Filter>
    </None>
    <None Include="pbr.fs">
      <Filter>shader</Filter>
    </None>
    <None Include="pbr_ogre.fs">
      <Filter>shader</Filter>
    </None>
    <None Include="equirectangular_to_cubemap.fs">
      <Filter>shader</Filter>
    </None>
    <None Include="2.2.2.brdf.fs">
      <Filter>shader</Filter>
    </None>
    <None Include="2.2.2.brdf.vs">
      <Filter>shader</Filter>
    </None>
    <None Include="2.2.2.irradiance_convolution.fs">
      <Filter>shader</Filter>
    </None>
    <None Include="2.2.2.prefilter.fs">
      <Filter>shader</Filter>
    </None>
  </ItemGroup>
</Project>