<?xml version="1.0" encoding="utf-8"?>
<Project ToolsVersion="4.0" xmlns="http://schemas.microsoft.com/developer/msbuild/2003">
  <ItemGroup>
    <ClCompile Include="main.cpp" />
    <ClCompile Include="glad.c">
      <Filter>glad</Filter>
    </ClCompile>
    <ClCompile Include="..\..\3rd\imgui\source\imgui.cpp">
      <Filter>imgui</Filter>
    </ClCompile>
    <ClCompile Include="..\..\3rd\imgui\source\imgui_demo.cpp">
      <Filter>imgui</Filter>
    </ClCompile>
    <ClCompile Include="..\..\3rd\imgui\source\imgui_draw.cpp">
      <Filter>imgui</Filter>
    </ClCompile>
    <ClCompile Include="..\..\3rd\imgui\glfw_impl\imgui_impl_glfw.cpp">
      <Filter>imgui</Filter>
    </ClCompile>
    <ClCompile Include="..\..\3rd\imgui\glfw_impl\imgui_impl_opengl3.cpp">
      <Filter>imgui</Filter>
    </ClCompile>
    <ClCompile Include="..\..\3rd\imgui\source\imgui_widgets.cpp">
      <Filter>imgui</Filter>
    </ClCompile>
  </ItemGroup>
  <ItemGroup>
    <None Include="Quad.vs">
      <Filter>shader</Filter>
    </None>
    <None Include="Quad.fs">
      <Filter>shader</Filter>
    </None>
    <None Include="Model.vs">
      <Filter>shader</Filter>
    </None>
    <None Include="Model.fs">
      <Filter>shader</Filter>
    </None>
  </ItemGroup>
  <ItemGroup>
    <Filter Include="glad">
      <UniqueIdentifier>{e111da49-3320-453c-8b7b-2e16a05900c7}</UniqueIdentifier>
    </Filter>
    <Filter Include="shader">
      <UniqueIdentifier>{bc6839aa-dc1f-40cc-aa7c-7fb22edd128c}</UniqueIdentifier>
    </Filter>
    <Filter Include="include">
      <UniqueIdentifier>{d12e2e90-3245-4816-9e45-1b6848342412}</UniqueIdentifier>
    </Filter>
    <Filter Include="imgui">
      <UniqueIdentifier>{52997740-e834-47d9-825e-53fed97ee290}</UniqueIdentifier>
    </Filter>
  </ItemGroup>
  <ItemGroup>
    <ClInclude Include="Shader.h">
      <Filter>include</Filter>
    </ClInclude>
    <ClInclude Include="Mesh.h">
      <Filter>include</Filter>
    </ClInclude>
    <ClInclude Include="Model.h">
      <Filter>include</Filter>
    </ClInclude>
    <ClInclude Include="Camera.h">
      <Filter>include</Filter>
    </ClInclude>
    <ClInclude Include="..\..\3rd\imgui\source\imconfig.h">
      <Filter>imgui</Filter>
    </ClInclude>
    <ClInclude Include="..\..\3rd\imgui\source\imgui.h">
      <Filter>imgui</Filter>
    </ClInclude>
    <ClInclude Include="..\..\3rd\imgui\glfw_impl\imgui_impl_glfw.h">
      <Filter>imgui</Filter>
    </ClInclude>
    <ClInclude Include="..\..\3rd\imgui\glfw_impl\imgui_impl_opengl3.h">
      <Filter>imgui</Filter>
    </ClInclude>
    <ClInclude Include="..\..\3rd\imgui\source\imgui_internal.h">
      <Filter>imgui</Filter>
    </ClInclude>
    <ClInclude Include="..\..\3rd\imgui\source\imstb_rectpack.h">
      <Filter>imgui</Filter>
    </ClInclude>
    <ClInclude Include="..\..\3rd\imgui\source\imstb_textedit.h">
      <Filter>imgui</Filter>
    </ClInclude>
    <ClInclude Include="..\..\3rd\imgui\source\imstb_truetype.h">
      <Filter>imgui</Filter>
    </ClInclude>
  </ItemGroup>
</Project>